
Microsoft Visual Studio Solution File, Format Version 12.00
# Visual Studio 15
VisualStudioVersion = 15.0.27130.2027
MinimumVisualStudioVersion = 10.0.40219.1
Project("{FAE04EC0-301F-11D3-BF4B-00C04F79EFBC}") = "Veikkausliiga", "Veikkausliiga\Veikkausliiga.csproj", "{CF8A08E0-DBF9-4B9C-9600-C6FFD051611D}"
EndProject
Global
	GlobalSection(SolutionConfigurationPlatforms) = preSolution
		Debug|Any CPU = Debug|Any CPU
		Release|Any CPU = Release|Any CPU
	EndGlobalSection
	GlobalSection(ProjectConfigurationPlatforms) = postSolution
		{CF8A08E0-DBF9-4B9C-9600-C6FFD051611D}.Debug|Any CPU.ActiveCfg = Debug|Any CPU
		{CF8A08E0-DBF9-4B9C-9600-C6FFD051611D}.Debug|Any CPU.Build.0 = Debug|Any CPU
		{CF8A08E0-DBF9-4B9C-9600-C6FFD051611D}.Release|Any CPU.ActiveCfg = Release|Any CPU
		{CF8A08E0-DBF9-4B9C-9600-C6FFD051611D}.Release|Any CPU.Build.0 = Release|Any CPU
	EndGlobalSection
	GlobalSection(SolutionProperties) = preSolution
		HideSolutionNode = FALSE
	EndGlobalSection
	GlobalSection(ExtensibilityGlobals) = postSolution
		SolutionGuid = {056E44B5-8065-4D0F-A2B2-FD9A4439ADD5}
	EndGlobalSection
EndGlobal
